
Microsoft Visual Studio Solution File, Format Version 12.00
# Visual Studio 2013
VisualStudioVersion = 12.0.21005.1
MinimumVisualStudioVersion = 10.0.40219.1
Project("{8BC9CEB8-8B4A-11D0-8D11-00A0C91BC942}") = "base", "..\..\..\..\..\base\win\base.vcxproj", "{6F060EF8-07BE-4944-A28B-9A9D8AE7AF0E}"
EndProject
Project("{8BC9CEB8-8B4A-11D0-8D11-00A0C91BC942}") = "ADelay", "adelay.vcxproj", "{9D90881C-4200-42B0-A30C-8889984BDC80}"
EndProject
Global
	GlobalSection(SolutionConfigurationPlatforms) = preSolution
		Debug|Win32 = Debug|Win32
		Debug|x64 = Debug|x64
		Release|Win32 = Release|Win32
		Release|x64 = Release|x64
	EndGlobalSection
	GlobalSection(ProjectConfigurationPlatforms) = postSolution
		{6F060EF8-07BE-4944-A28B-9A9D8AE7AF0E}.Debug|Win32.ActiveCfg = Debug|Win32
		{6F060EF8-07BE-4944-A28B-9A9D8AE7AF0E}.Debug|Win32.Build.0 = Debug|Win32
		{6F060EF8-07BE-4944-A28B-9A9D8AE7AF0E}.Debug|x64.ActiveCfg = Debug|x64
		{6F060EF8-07BE-4944-A28B-9A9D8AE7AF0E}.Debug|x64.Build.0 = Debug|x64
		{6F060EF8-07BE-4944-A28B-9A9D8AE7AF0E}.Release|Win32.ActiveCfg = Release|Win32
		{6F060EF8-07BE-4944-A28B-9A9D8AE7AF0E}.Release|Win32.Build.0 = Release|Win32
		{6F060EF8-07BE-4944-A28B-9A9D8AE7AF0E}.Release|x64.ActiveCfg = Release|x64
		{6F060EF8-07BE-4944-A28B-9A9D8AE7AF0E}.Release|x64.Build.0 = Release|x64
		{9D90881C-4200-42B0-A30C-8889984BDC80}.Debug|Win32.ActiveCfg = Debug|Win32
		{9D90881C-4200-42B0-A30C-8889984BDC80}.Debug|Win32.Build.0 = Debug|Win32
		{9D90881C-4200-42B0-A30C-8889984BDC80}.Debug|x64.ActiveCfg = Debug|x64
		{9D90881C-4200-42B0-A30C-8889984BDC80}.Debug|x64.Build.0 = Debug|x64
		{9D90881C-4200-42B0-A30C-8889984BDC80}.Release|Win32.ActiveCfg = Release|Win32
		{9D90881C-4200-42B0-A30C-8889984BDC80}.Release|Win32.Build.0 = Release|Win32
		{9D90881C-4200-42B0-A30C-8889984BDC80}.Release|x64.ActiveCfg = Release|x64
		{9D90881C-4200-42B0-A30C-8889984BDC80}.Release|x64.Build.0 = Release|x64
	EndGlobalSection
	GlobalSection(SolutionProperties) = preSolution
		HideSolutionNode = FALSE
	EndGlobalSection
EndGlobal
